// !$*UTF8*$!
{
	archiveVersion = 1;
	classes = {
	};
	objectVersion = 46;
	objects = {

/* Begin PBXBuildFile section */
		66321A75170BDA8300EAB804 /* MainStoryboard.storyboard in Resources */ = {isa = PBXBuildFile; fileRef = 66321A74170BDA8300EAB804 /* MainStoryboard.storyboard */; };
		66321A79170BDB3B00EAB804 /* MLBLLabelsViewController.m in Sources */ = {isa = PBXBuildFile; fileRef = 66321A78170BDB3B00EAB804 /* MLBLLabelsViewController.m */; };
		66A3613C170BC5770058E0A8 /* UIKit.framework in Frameworks */ = {isa = PBXBuildFile; fileRef = 66A3613B170BC5770058E0A8 /* UIKit.framework */; };
		66A3613E170BC5770058E0A8 /* Foundation.framework in Frameworks */ = {isa = PBXBuildFile; fileRef = 66A3613D170BC5770058E0A8 /* Foundation.framework */; };
		66A36140170BC5770058E0A8 /* CoreGraphics.framework in Frameworks */ = {isa = PBXBuildFile; fileRef = 66A3613F170BC5770058E0A8 /* CoreGraphics.framework */; };
		66A36142170BC5770058E0A8 /* CoreData.framework in Frameworks */ = {isa = PBXBuildFile; fileRef = 66A36141170BC5770058E0A8 /* CoreData.framework */; };
		66A36148170BC5770058E0A8 /* InfoPlist.strings in Resources */ = {isa = PBXBuildFile; fileRef = 66A36146170BC5770058E0A8 /* InfoPlist.strings */; };
		66A3614A170BC5770058E0A8 /* main.m in Sources */ = {isa = PBXBuildFile; fileRef = 66A36149170BC5770058E0A8 /* main.m */; };
		66A3614E170BC5770058E0A8 /* MLBLAppDelegate.m in Sources */ = {isa = PBXBuildFile; fileRef = 66A3614D170BC5770058E0A8 /* MLBLAppDelegate.m */; };
		66A36150170BC5770058E0A8 /* Default.png in Resources */ = {isa = PBXBuildFile; fileRef = 66A3614F170BC5770058E0A8 /* Default.png */; };
		66A36152170BC5770058E0A8 /* Default@2x.png in Resources */ = {isa = PBXBuildFile; fileRef = 66A36151170BC5770058E0A8 /* Default@2x.png */; };
		66A36154170BC5770058E0A8 /* Default-568h@2x.png in Resources */ = {isa = PBXBuildFile; fileRef = 66A36153170BC5770058E0A8 /* Default-568h@2x.png */; };
		66A36157170BC5770058E0A8 /* MusicLabel.xcdatamodeld in Sources */ = {isa = PBXBuildFile; fileRef = 66A36155170BC5770058E0A8 /* MusicLabel.xcdatamodeld */; };
		66A36163170BCC210058E0A8 /* Artist.m in Sources */ = {isa = PBXBuildFile; fileRef = 66A36162170BCC210058E0A8 /* Artist.m */; };
		66A36166170BCC540058E0A8 /* Album.m in Sources */ = {isa = PBXBuildFile; fileRef = 66A36165170BCC540058E0A8 /* Album.m */; };
		66A36169170BCE980058E0A8 /* Label.m in Sources */ = {isa = PBXBuildFile; fileRef = 66A36168170BCE980058E0A8 /* Label.m */; };
		66DFEAEC170BE0C1009BD8AA /* MLBLArtistsViewController.m in Sources */ = {isa = PBXBuildFile; fileRef = 66DFEAEB170BE0C1009BD8AA /* MLBLArtistsViewController.m */; };
/* End PBXBuildFile section */

/* Begin PBXFileReference section */
		66321A74170BDA8300EAB804 /* MainStoryboard.storyboard */ = {isa = PBXFileReference; fileEncoding = 4; lastKnownFileType = file.storyboard; path = MainStoryboard.storyboard; sourceTree = "<group>"; };
		66321A77170BDB3B00EAB804 /* MLBLLabelsViewController.h */ = {isa = PBXFileReference; fileEncoding = 4; lastKnownFileType = sourcecode.c.h; path = MLBLLabelsViewController.h; sourceTree = "<group>"; };
		66321A78170BDB3B00EAB804 /* MLBLLabelsViewController.m */ = {isa = PBXFileReference; fileEncoding = 4; lastKnownFileType = sourcecode.c.objc; path = MLBLLabelsViewController.m; sourceTree = "<group>"; };
		66A36138170BC5770058E0A8 /* MusicLabel.app */ = {isa = PBXFileReference; explicitFileType = wrapper.application; includeInIndex = 0; path = MusicLabel.app; sourceTree = BUILT_PRODUCTS_DIR; };
		66A3613B170BC5770058E0A8 /* UIKit.framework */ = {isa = PBXFileReference; lastKnownFileType = wrapper.framework; name = UIKit.framework; path = System/Library/Frameworks/UIKit.framework; sourceTree = SDKROOT; };
		66A3613D170BC5770058E0A8 /* Foundation.framework */ = {isa = PBXFileReference; lastKnownFileType = wrapper.framework; name = Foundation.framework; path = System/Library/Frameworks/Foundation.framework; sourceTree = SDKROOT; };
		66A3613F170BC5770058E0A8 /* CoreGraphics.framework */ = {isa = PBXFileReference; lastKnownFileType = wrapper.framework; name = CoreGraphics.framework; path = System/Library/Frameworks/CoreGraphics.framework; sourceTree = SDKROOT; };
		66A36141170BC5770058E0A8 /* CoreData.framework */ = {isa = PBXFileReference; lastKnownFileType = wrapper.framework; name = CoreData.framework; path = System/Library/Frameworks/CoreData.framework; sourceTree = SDKROOT; };
		66A36145170BC5770058E0A8 /* MusicLabel-Info.plist */ = {isa = PBXFileReference; lastKnownFileType = text.plist.xml; path = "MusicLabel-Info.plist"; sourceTree = "<group>"; };
		66A36147170BC5770058E0A8 /* en */ = {isa = PBXFileReference; lastKnownFileType = text.plist.strings; name = en; path = en.lproj/InfoPlist.strings; sourceTree = "<group>"; };
		66A36149170BC5770058E0A8 /* main.m */ = {isa = PBXFileReference; lastKnownFileType = sourcecode.c.objc; path = main.m; sourceTree = "<group>"; };
		66A3614B170BC5770058E0A8 /* MusicLabel-Prefix.pch */ = {isa = PBXFileReference; lastKnownFileType = sourcecode.c.h; path = "MusicLabel-Prefix.pch"; sourceTree = "<group>"; };
		66A3614C170BC5770058E0A8 /* MLBLAppDelegate.h */ = {isa = PBXFileReference; lastKnownFileType = sourcecode.c.h; path = MLBLAppDelegate.h; sourceTree = "<group>"; };
		66A3614D170BC5770058E0A8 /* MLBLAppDelegate.m */ = {isa = PBXFileReference; lastKnownFileType = sourcecode.c.objc; path = MLBLAppDelegate.m; sourceTree = "<group>"; };
		66A3614F170BC5770058E0A8 /* Default.png */ = {isa = PBXFileReference; lastKnownFileType = image.png; path = Default.png; sourceTree = "<group>"; };
		66A36151170BC5770058E0A8 /* Default@2x.png */ = {isa = PBXFileReference; lastKnownFileType = image.png; path = "Default@2x.png"; sourceTree = "<group>"; };
		66A36153170BC5770058E0A8 /* Default-568h@2x.png */ = {isa = PBXFileReference; lastKnownFileType = image.png; path = "Default-568h@2x.png"; sourceTree = "<group>"; };
		66A36156170BC5770058E0A8 /* MusicLabel.xcdatamodel */ = {isa = PBXFileReference; lastKnownFileType = wrapper.xcdatamodel; path = MusicLabel.xcdatamodel; sourceTree = "<group>"; };
		66A36161170BCC210058E0A8 /* Artist.h */ = {isa = PBXFileReference; fileEncoding = 4; lastKnownFileType = sourcecode.c.h; path = Artist.h; sourceTree = "<group>"; };
		66A36162170BCC210058E0A8 /* Artist.m */ = {isa = PBXFileReference; fileEncoding = 4; lastKnownFileType = sourcecode.c.objc; path = Artist.m; sourceTree = "<group>"; };
		66A36164170BCC540058E0A8 /* Album.h */ = {isa = PBXFileReference; fileEncoding = 4; lastKnownFileType = sourcecode.c.h; path = Album.h; sourceTree = "<group>"; };
		66A36165170BCC540058E0A8 /* Album.m */ = {isa = PBXFileReference; fileEncoding = 4; lastKnownFileType = sourcecode.c.objc; path = Album.m; sourceTree = "<group>"; };
		66A36167170BCE970058E0A8 /* Label.h */ = {isa = PBXFileReference; fileEncoding = 4; lastKnownFileType = sourcecode.c.h; path = Label.h; sourceTree = "<group>"; };
		66A36168170BCE980058E0A8 /* Label.m */ = {isa = PBXFileReference; fileEncoding = 4; lastKnownFileType = sourcecode.c.objc; path = Label.m; sourceTree = "<group>"; };
		66DFEAEA170BE0C1009BD8AA /* MLBLArtistsViewController.h */ = {isa = PBXFileReference; fileEncoding = 4; lastKnownFileType = sourcecode.c.h; path = MLBLArtistsViewController.h; sourceTree = "<group>"; };
		66DFEAEB170BE0C1009BD8AA /* MLBLArtistsViewController.m */ = {isa = PBXFileReference; fileEncoding = 4; lastKnownFileType = sourcecode.c.objc; path = MLBLArtistsViewController.m; sourceTree = "<group>"; };
/* End PBXFileReference section */

/* Begin PBXFrameworksBuildPhase section */
		66A36135170BC5770058E0A8 /* Frameworks */ = {
			isa = PBXFrameworksBuildPhase;
			buildActionMask = 2147483647;
			files = (
				66A3613C170BC5770058E0A8 /* UIKit.framework in Frameworks */,
				66A3613E170BC5770058E0A8 /* Foundation.framework in Frameworks */,
				66A36140170BC5770058E0A8 /* CoreGraphics.framework in Frameworks */,
				66A36142170BC5770058E0A8 /* CoreData.framework in Frameworks */,
			);
			runOnlyForDeploymentPostprocessing = 0;
		};
/* End PBXFrameworksBuildPhase section */

/* Begin PBXGroup section */
		66321A76170BDB0200EAB804 /* Controllers */ = {
			isa = PBXGroup;
			children = (
				66321A77170BDB3B00EAB804 /* MLBLLabelsViewController.h */,
				66321A78170BDB3B00EAB804 /* MLBLLabelsViewController.m */,
				66DFEAEA170BE0C1009BD8AA /* MLBLArtistsViewController.h */,
				66DFEAEB170BE0C1009BD8AA /* MLBLArtistsViewController.m */,
			);
			name = Controllers;
			sourceTree = "<group>";
		};
		66A3612F170BC5770058E0A8 = {
			isa = PBXGroup;
			children = (
				66A36143170BC5770058E0A8 /* MusicLabel */,
				66A3613A170BC5770058E0A8 /* Frameworks */,
				66A36139170BC5770058E0A8 /* Products */,
			);
			sourceTree = "<group>";
		};
		66A36139170BC5770058E0A8 /* Products */ = {
			isa = PBXGroup;
			children = (
				66A36138170BC5770058E0A8 /* MusicLabel.app */,
			);
			name = Products;
			sourceTree = "<group>";
		};
		66A3613A170BC5770058E0A8 /* Frameworks */ = {
			isa = PBXGroup;
			children = (
				66A3613B170BC5770058E0A8 /* UIKit.framework */,
				66A3613D170BC5770058E0A8 /* Foundation.framework */,
				66A3613F170BC5770058E0A8 /* CoreGraphics.framework */,
				66A36141170BC5770058E0A8 /* CoreData.framework */,
			);
			name = Frameworks;
			sourceTree = "<group>";
		};
		66A36143170BC5770058E0A8 /* MusicLabel */ = {
			isa = PBXGroup;
			children = (
				66321A76170BDB0200EAB804 /* Controllers */,
				66A36160170BCC020058E0A8 /* Models */,
				66A3614C170BC5770058E0A8 /* MLBLAppDelegate.h */,
				66A3614D170BC5770058E0A8 /* MLBLAppDelegate.m */,
				66A36155170BC5770058E0A8 /* MusicLabel.xcdatamodeld */,
				66A36144170BC5770058E0A8 /* Supporting Files */,
				66321A74170BDA8300EAB804 /* MainStoryboard.storyboard */,
			);
			path = MusicLabel;
			sourceTree = "<group>";
		};
		66A36144170BC5770058E0A8 /* Supporting Files */ = {
			isa = PBXGroup;
			children = (
				66A36145170BC5770058E0A8 /* MusicLabel-Info.plist */,
				66A36146170BC5770058E0A8 /* InfoPlist.strings */,
				66A36149170BC5770058E0A8 /* main.m */,
				66A3614B170BC5770058E0A8 /* MusicLabel-Prefix.pch */,
				66A3614F170BC5770058E0A8 /* Default.png */,
				66A36151170BC5770058E0A8 /* Default@2x.png */,
				66A36153170BC5770058E0A8 /* Default-568h@2x.png */,
			);
			name = "Supporting Files";
			sourceTree = "<group>";
		};
		66A36160170BCC020058E0A8 /* Models */ = {
			isa = PBXGroup;
			children = (
				66A36167170BCE970058E0A8 /* Label.h */,
				66A36168170BCE980058E0A8 /* Label.m */,
				66A36164170BCC540058E0A8 /* Album.h */,
				66A36165170BCC540058E0A8 /* Album.m */,
				66A36161170BCC210058E0A8 /* Artist.h */,
				66A36162170BCC210058E0A8 /* Artist.m */,
			);
			name = Models;
			sourceTree = "<group>";
		};
/* End PBXGroup section */

/* Begin PBXNativeTarget section */
		66A36137170BC5770058E0A8 /* MusicLabel */ = {
			isa = PBXNativeTarget;
			buildConfigurationList = 66A3615A170BC5770058E0A8 /* Build configuration list for PBXNativeTarget "MusicLabel" */;
			buildPhases = (
				66A36134170BC5770058E0A8 /* Sources */,
				66A36135170BC5770058E0A8 /* Frameworks */,
				66A36136170BC5770058E0A8 /* Resources */,
			);
			buildRules = (
			);
			dependencies = (
			);
			name = MusicLabel;
			productName = MusicLabel;
			productReference = 66A36138170BC5770058E0A8 /* MusicLabel.app */;
			productType = "com.apple.product-type.application";
		};
/* End PBXNativeTarget section */

/* Begin PBXProject section */
		66A36130170BC5770058E0A8 /* Project object */ = {
			isa = PBXProject;
			attributes = {
				CLASSPREFIX = MLBL;
				LastUpgradeCheck = 0460;
				ORGANIZATIONNAME = "Johnathan Pulos";
			};
			buildConfigurationList = 66A36133170BC5770058E0A8 /* Build configuration list for PBXProject "MusicLabel" */;
			compatibilityVersion = "Xcode 3.2";
			developmentRegion = English;
			hasScannedForEncodings = 0;
			knownRegions = (
				en,
			);
			mainGroup = 66A3612F170BC5770058E0A8;
			productRefGroup = 66A36139170BC5770058E0A8 /* Products */;
			projectDirPath = "";
			projectRoot = "";
			targets = (
				66A36137170BC5770058E0A8 /* MusicLabel */,
			);
		};
/* End PBXProject section */

/* Begin PBXResourcesBuildPhase section */
		66A36136170BC5770058E0A8 /* Resources */ = {
			isa = PBXResourcesBuildPhase;
			buildActionMask = 2147483647;
			files = (
				66A36148170BC5770058E0A8 /* InfoPlist.strings in Resources */,
				66A36150170BC5770058E0A8 /* Default.png in Resources */,
				66A36152170BC5770058E0A8 /* Default@2x.png in Resources */,
				66A36154170BC5770058E0A8 /* Default-568h@2x.png in Resources */,
				66321A75170BDA8300EAB804 /* MainStoryboard.storyboard in Resources */,
			);
			runOnlyForDeploymentPostprocessing = 0;
		};
/* End PBXResourcesBuildPhase section */

/* Begin PBXSourcesBuildPhase section */
		66A36134170BC5770058E0A8 /* Sources */ = {
			isa = PBXSourcesBuildPhase;
			buildActionMask = 2147483647;
			files = (
				66A3614A170BC5770058E0A8 /* main.m in Sources */,
				66A3614E170BC5770058E0A8 /* MLBLAppDelegate.m in Sources */,
				66A36157170BC5770058E0A8 /* MusicLabel.xcdatamodeld in Sources */,
				66A36163170BCC210058E0A8 /* Artist.m in Sources */,
				66A36166170BCC540058E0A8 /* Album.m in Sources */,
				66A36169170BCE980058E0A8 /* Label.m in Sources */,
				66321A79170BDB3B00EAB804 /* MLBLLabelsViewController.m in Sources */,
				66DFEAEC170BE0C1009BD8AA /* MLBLArtistsViewController.m in Sources */,
			);
			runOnlyForDeploymentPostprocessing = 0;
		};
/* End PBXSourcesBuildPhase section */

/* Begin PBXVariantGroup section */
		66A36146170BC5770058E0A8 /* InfoPlist.strings */ = {
			isa = PBXVariantGroup;
			children = (
				66A36147170BC5770058E0A8 /* en */,
			);
			name = InfoPlist.strings;
			sourceTree = "<group>";
		};
/* End PBXVariantGroup section */

/* Begin XCBuildConfiguration section */
		66A36158170BC5770058E0A8 /* Debug */ = {
			isa = XCBuildConfiguration;
			buildSettings = {
				ALWAYS_SEARCH_USER_PATHS = NO;
				CLANG_CXX_LANGUAGE_STANDARD = "gnu++0x";
				CLANG_CXX_LIBRARY = "libc++";
				CLANG_ENABLE_OBJC_ARC = YES;
				CLANG_WARN_CONSTANT_CONVERSION = YES;
				CLANG_WARN_EMPTY_BODY = YES;
				CLANG_WARN_ENUM_CONVERSION = YES;
				CLANG_WARN_INT_CONVERSION = YES;
				CLANG_WARN__DUPLICATE_METHOD_MATCH = YES;
				"CODE_SIGN_IDENTITY[sdk=iphoneos*]" = "iPhone Developer";
				COPY_PHASE_STRIP = NO;
				GCC_C_LANGUAGE_STANDARD = gnu99;
				GCC_DYNAMIC_NO_PIC = NO;
				GCC_OPTIMIZATION_LEVEL = 0;
				GCC_PREPROCESSOR_DEFINITIONS = (
					"DEBUG=1",
					"$(inherited)",
				);
				GCC_SYMBOLS_PRIVATE_EXTERN = NO;
				GCC_WARN_ABOUT_RETURN_TYPE = YES;
				GCC_WARN_UNINITIALIZED_AUTOS = YES;
				GCC_WARN_UNUSED_VARIABLE = YES;
				IPHONEOS_DEPLOYMENT_TARGET = 6.1;
				ONLY_ACTIVE_ARCH = YES;
				SDKROOT = iphoneos;
			};
			name = Debug;
		};
		66A36159170BC5770058E0A8 /* Release */ = {
			isa = XCBuildConfiguration;
			buildSettings = {
				ALWAYS_SEARCH_USER_PATHS = NO;
				CLANG_CXX_LANGUAGE_STANDARD = "gnu++0x";
				CLANG_CXX_LIBRARY = "libc++";
				CLANG_ENABLE_OBJC_ARC = YES;
				CLANG_WARN_CONSTANT_CONVERSION = YES;
				CLANG_WARN_EMPTY_BODY = YES;
				CLANG_WARN_ENUM_CONVERSION = YES;
				CLANG_WARN_INT_CONVERSION = YES;
				CLANG_WARN__DUPLICATE_METHOD_MATCH = YES;
				"CODE_SIGN_IDENTITY[sdk=iphoneos*]" = "iPhone Developer";
				COPY_PHASE_STRIP = YES;
				GCC_C_LANGUAGE_STANDARD = gnu99;
				GCC_WARN_ABOUT_RETURN_TYPE = YES;
				GCC_WARN_UNINITIALIZED_AUTOS = YES;
				GCC_WARN_UNUSED_VARIABLE = YES;
				IPHONEOS_DEPLOYMENT_TARGET = 6.1;
				OTHER_CFLAGS = "-DNS_BLOCK_ASSERTIONS=1";
				SDKROOT = iphoneos;
				VALIDATE_PRODUCT = YES;
			};
			name = Release;
		};
		66A3615B170BC5770058E0A8 /* Debug */ = {
			isa = XCBuildConfiguration;
			buildSettings = {
				GCC_PRECOMPILE_PREFIX_HEADER = YES;
				GCC_PREFIX_HEADER = "MusicLabel/MusicLabel-Prefix.pch";
				INFOPLIST_FILE = "MusicLabel/MusicLabel-Info.plist";
				PRODUCT_NAME = "$(TARGET_NAME)";
				WRAPPER_EXTENSION = app;
			};
			name = Debug;
		};
		66A3615C170BC5770058E0A8 /* Release */ = {
			isa = XCBuildConfiguration;
			buildSettings = {
				GCC_PRECOMPILE_PREFIX_HEADER = YES;
				GCC_PREFIX_HEADER = "MusicLabel/MusicLabel-Prefix.pch";
				INFOPLIST_FILE = "MusicLabel/MusicLabel-Info.plist";
				PRODUCT_NAME = "$(TARGET_NAME)";
				WRAPPER_EXTENSION = app;
			};
			name = Release;
		};
/* End XCBuildConfiguration section */

/* Begin XCConfigurationList section */
		66A36133170BC5770058E0A8 /* Build configuration list for PBXProject "MusicLabel" */ = {
			isa = XCConfigurationList;
			buildConfigurations = (
				66A36158170BC5770058E0A8 /* Debug */,
				66A36159170BC5770058E0A8 /* Release */,
			);
			defaultConfigurationIsVisible = 0;
			defaultConfigurationName = Release;
		};
		66A3615A170BC5770058E0A8 /* Build configuration list for PBXNativeTarget "MusicLabel" */ = {
			isa = XCConfigurationList;
			buildConfigurations = (
				66A3615B170BC5770058E0A8 /* Debug */,
				66A3615C170BC5770058E0A8 /* Release */,
			);
			defaultConfigurationIsVisible = 0;
			defaultConfigurationName = Release;
		};
/* End XCConfigurationList section */

/* Begin XCVersionGroup section */
		66A36155170BC5770058E0A8 /* MusicLabel.xcdatamodeld */ = {
			isa = XCVersionGroup;
			children = (
				66A36156170BC5770058E0A8 /* MusicLabel.xcdatamodel */,
			);
			currentVersion = 66A36156170BC5770058E0A8 /* MusicLabel.xcdatamodel */;
			path = MusicLabel.xcdatamodeld;
			sourceTree = "<group>";
			versionGroupType = wrapper.xcdatamodel;
		};
/* End XCVersionGroup section */
	};
	rootObject = 66A36130170BC5770058E0A8 /* Project object */;
}
